{
  "nodes": {
    "nixpkgs": {
      "locked": {
        "lastModified": 1774794121,
        "narHash": "sha256-gih24b728CK8twDNU7VX9vVYK2tLEXvy9gm/GKq2VeE=",
        "owner": "nixos",
        "repo": "nixpkgs",
        "rev": "c397ef6af68c018462d786e1b65384abc472a907",
        "type": "github"
      },
      "original": {
        "owner": "nixos",
        "ref": "nixpkgs-unstable",
        "repo": "nixpkgs",
        "type": "github"
      }
    },
    "root": {
      "inputs": {
        "nixpkgs": "nixpkgs",
        "rust-overlay": "rust-overlay"
      }
    },
    "rust-overlay": {
      "inputs": {
        "nixpkgs": [
          "nixpkgs"
        ]
      },
      "locked": {
        "lastModified": 1774926780,
        "narHash": "sha256-JMdDYn0F+swYBILlpCeHDbCSyzqkeSGNxZ/Q5J584jM=",
        "owner": "oxalica",
        "repo": "rust-overlay",
        "rev": "962a0934d0e32f42d1b5e49186f9595f9b178d2d",
        "type": "github"
      },
      "original": {
        "owner": "oxalica",
        "repo": "rust-overlay",
        "type": "github"
      }
    }
  },
  "root": "root",
  "version": 7
}
