{
  "nodes": {
    "nixpkgs": {
      "locked": {
        "lastModified": 1768149890,
        "narHash": "sha256-iihg1oHkVkYHD1pFQifGEP+Rw1g+LZQyDNbtAqpXtNM=",
        "owner": "nixos",
        "repo": "nixpkgs",
        "rev": "4d113fe1f7bb454435a5cabae6cd283e64191bb7",
        "type": "github"
      },
      "original": {
        "owner": "nixos",
        "ref": "nixpkgs-unstable",
        "repo": "nixpkgs",
        "type": "github"
      }
    },
    "root": {
      "inputs": {
        "nixpkgs": "nixpkgs",
        "rust-overlay": "rust-overlay"
      }
    },
    "rust-overlay": {
      "inputs": {
        "nixpkgs": [
          "nixpkgs"
        ]
      },
      "locked": {
        "lastModified": 1768186348,
        "narHash": "sha256-nkpIe3zkpeoFuOl8xBpexulECsHLQ9Ljg1gW3bPCjSI=",
        "owner": "oxalica",
        "repo": "rust-overlay",
        "rev": "af69e497567a5945a64057717bc9b17c8478097e",
        "type": "github"
      },
      "original": {
        "owner": "oxalica",
        "repo": "rust-overlay",
        "type": "github"
      }
    }
  },
  "root": "root",
  "version": 7
}
