{
  "nodes": {
    "nixpkgs": {
      "locked": {
        "lastModified": 1783096916,
        "narHash": "sha256-4OTZyOqbXeGo95Qox1P1eBju1QVQjNKFIWTMdFUF57w=",
        "owner": "nixos",
        "repo": "nixpkgs",
        "rev": "0c190cd98e1f30cdbeff0ca149b2b17564a4a30e",
        "type": "github"
      },
      "original": {
        "owner": "nixos",
        "ref": "nixpkgs-unstable",
        "repo": "nixpkgs",
        "type": "github"
      }
    },
    "root": {
      "inputs": {
        "nixpkgs": "nixpkgs"
      }
    }
  },
  "root": "root",
  "version": 7
}
